// !$*UTF8*$!
{
	archiveVersion = 1;
	classes = {
	};
	objectVersion = 55;
	objects = {

/* Begin PBXBuildFile section */
		B9709CA2276DC3EB003FDA20 /* AppDelegate.m in Sources */ = {isa = PBXBuildFile; fileRef = B9709CA1276DC3EB003FDA20 /* AppDelegate.m */; };
		B9709CA5276DC3EB003FDA20 /* SceneDelegate.m in Sources */ = {isa = PBXBuildFile; fileRef = B9709CA4276DC3EB003FDA20 /* SceneDelegate.m */; };
		B9709CA8276DC3EB003FDA20 /* ViewController.m in Sources */ = {isa = PBXBuildFile; fileRef = B9709CA7276DC3EB003FDA20 /* ViewController.m */; };
		B9709CAD276DC3EE003FDA20 /* Assets.xcassets in Resources */ = {isa = PBXBuildFile; fileRef = B9709CAC276DC3EE003FDA20 /* Assets.xcassets */; };
		B9709CB0276DC3EE003FDA20 /* LaunchScreen.storyboard in Resources */ = {isa = PBXBuildFile; fileRef = B9709CAE276DC3EE003FDA20 /* LaunchScreen.storyboard */; };
		B9709CB3276DC3EE003FDA20 /* main.m in Sources */ = {isa = PBXBuildFile; fileRef = B9709CB2276DC3EE003FDA20 /* main.m */; };
		B9712789277B8E0A004B3AFC /* CodePenaltyBox in Resources */ = {isa = PBXBuildFile; fileRef = B9712788277B8E0A004B3AFC /* CodePenaltyBox */; };
/* End PBXBuildFile section */

/* Begin PBXFileReference section */
		B911A6552772A3D2000844DF /* ControlConfiguration.h */ = {isa = PBXFileReference; lastKnownFileType = sourcecode.c.h; path = ControlConfiguration.h; sourceTree = "<group>"; };
		B9709C9D276DC3EB003FDA20 /* AVDemonCamManualAdaptive.app */ = {isa = PBXFileReference; explicitFileType = wrapper.application; includeInIndex = 0; path = AVDemonCamManualAdaptive.app; sourceTree = BUILT_PRODUCTS_DIR; };
		B9709CA0276DC3EB003FDA20 /* AppDelegate.h */ = {isa = PBXFileReference; lastKnownFileType = sourcecode.c.h; path = AppDelegate.h; sourceTree = "<group>"; };
		B9709CA1276DC3EB003FDA20 /* AppDelegate.m */ = {isa = PBXFileReference; lastKnownFileType = sourcecode.c.objc; path = AppDelegate.m; sourceTree = "<group>"; };
		B9709CA3276DC3EB003FDA20 /* SceneDelegate.h */ = {isa = PBXFileReference; lastKnownFileType = sourcecode.c.h; path = SceneDelegate.h; sourceTree = "<group>"; };
		B9709CA4276DC3EB003FDA20 /* SceneDelegate.m */ = {isa = PBXFileReference; lastKnownFileType = sourcecode.c.objc; path = SceneDelegate.m; sourceTree = "<group>"; };
		B9709CA6276DC3EB003FDA20 /* ViewController.h */ = {isa = PBXFileReference; lastKnownFileType = sourcecode.c.h; path = ViewController.h; sourceTree = "<group>"; };
		B9709CA7276DC3EB003FDA20 /* ViewController.m */ = {isa = PBXFileReference; lastKnownFileType = sourcecode.c.objc; path = ViewController.m; sourceTree = "<group>"; wrapsLines = 0; };
		B9709CAC276DC3EE003FDA20 /* Assets.xcassets */ = {isa = PBXFileReference; lastKnownFileType = folder.assetcatalog; path = Assets.xcassets; sourceTree = "<group>"; };
		B9709CAF276DC3EE003FDA20 /* Base */ = {isa = PBXFileReference; lastKnownFileType = file.storyboard; name = Base; path = Base.lproj/LaunchScreen.storyboard; sourceTree = "<group>"; };
		B9709CB1276DC3EE003FDA20 /* Info.plist */ = {isa = PBXFileReference; lastKnownFileType = text.plist.xml; path = Info.plist; sourceTree = "<group>"; };
		B9709CB2276DC3EE003FDA20 /* main.m */ = {isa = PBXFileReference; lastKnownFileType = sourcecode.c.objc; path = main.m; sourceTree = "<group>"; };
		B9712788277B8E0A004B3AFC /* CodePenaltyBox */ = {isa = PBXFileReference; lastKnownFileType = text; path = CodePenaltyBox; sourceTree = "<group>"; };
/* End PBXFileReference section */

/* Begin PBXFrameworksBuildPhase section */
		B9709C9A276DC3EB003FDA20 /* Frameworks */ = {
			isa = PBXFrameworksBuildPhase;
			buildActionMask = 2147483647;
			files = (
			);
			runOnlyForDeploymentPostprocessing = 0;
		};
/* End PBXFrameworksBuildPhase section */

/* Begin PBXGroup section */
		B9709C94276DC3EB003FDA20 = {
			isa = PBXGroup;
			children = (
				B9709C9F276DC3EB003FDA20 /* AVDemonCamManualAdaptive */,
				B9709C9E276DC3EB003FDA20 /* Products */,
			);
			sourceTree = "<group>";
		};
		B9709C9E276DC3EB003FDA20 /* Products */ = {
			isa = PBXGroup;
			children = (
				B9709C9D276DC3EB003FDA20 /* AVDemonCamManualAdaptive.app */,
			);
			name = Products;
			sourceTree = "<group>";
		};
		B9709C9F276DC3EB003FDA20 /* AVDemonCamManualAdaptive */ = {
			isa = PBXGroup;
			children = (
				B9709CA0276DC3EB003FDA20 /* AppDelegate.h */,
				B9709CA1276DC3EB003FDA20 /* AppDelegate.m */,
				B9709CA3276DC3EB003FDA20 /* SceneDelegate.h */,
				B911A6552772A3D2000844DF /* ControlConfiguration.h */,
				B9709CA6276DC3EB003FDA20 /* ViewController.h */,
				B9709CA7276DC3EB003FDA20 /* ViewController.m */,
				B9709CA4276DC3EB003FDA20 /* SceneDelegate.m */,
				B9709CAC276DC3EE003FDA20 /* Assets.xcassets */,
				B9709CAE276DC3EE003FDA20 /* LaunchScreen.storyboard */,
				B9709CB1276DC3EE003FDA20 /* Info.plist */,
				B9712788277B8E0A004B3AFC /* CodePenaltyBox */,
				B9709CB2276DC3EE003FDA20 /* main.m */,
			);
			path = AVDemonCamManualAdaptive;
			sourceTree = "<group>";
		};
/* End PBXGroup section */

/* Begin PBXNativeTarget section */
		B9709C9C276DC3EB003FDA20 /* AVDemonCamManualAdaptive */ = {
			isa = PBXNativeTarget;
			buildConfigurationList = B9709CB6276DC3EE003FDA20 /* Build configuration list for PBXNativeTarget "AVDemonCamManualAdaptive" */;
			buildPhases = (
				B9709C99276DC3EB003FDA20 /* Sources */,
				B9709C9A276DC3EB003FDA20 /* Frameworks */,
				B9709C9B276DC3EB003FDA20 /* Resources */,
			);
			buildRules = (
			);
			dependencies = (
			);
			name = AVDemonCamManualAdaptive;
			productName = AVDemonCamManualAdaptive;
			productReference = B9709C9D276DC3EB003FDA20 /* AVDemonCamManualAdaptive.app */;
			productType = "com.apple.product-type.application";
		};
/* End PBXNativeTarget section */

/* Begin PBXProject section */
		B9709C95276DC3EB003FDA20 /* Project object */ = {
			isa = PBXProject;
			attributes = {
				BuildIndependentTargetsInParallel = 1;
				LastUpgradeCheck = 1320;
				TargetAttributes = {
					B9709C9C276DC3EB003FDA20 = {
						CreatedOnToolsVersion = 13.2;
					};
				};
			};
			buildConfigurationList = B9709C98276DC3EB003FDA20 /* Build configuration list for PBXProject "AVDemonCamManualAdaptive" */;
			compatibilityVersion = "Xcode 13.0";
			developmentRegion = en;
			hasScannedForEncodings = 0;
			knownRegions = (
				en,
				Base,
			);
			mainGroup = B9709C94276DC3EB003FDA20;
			productRefGroup = B9709C9E276DC3EB003FDA20 /* Products */;
			projectDirPath = "";
			projectRoot = "";
			targets = (
				B9709C9C276DC3EB003FDA20 /* AVDemonCamManualAdaptive */,
			);
		};
/* End PBXProject section */

/* Begin PBXResourcesBuildPhase section */
		B9709C9B276DC3EB003FDA20 /* Resources */ = {
			isa = PBXResourcesBuildPhase;
			buildActionMask = 2147483647;
			files = (
				B9709CB0276DC3EE003FDA20 /* LaunchScreen.storyboard in Resources */,
				B9709CAD276DC3EE003FDA20 /* Assets.xcassets in Resources */,
				B9712789277B8E0A004B3AFC /* CodePenaltyBox in Resources */,
			);
			runOnlyForDeploymentPostprocessing = 0;
		};
/* End PBXResourcesBuildPhase section */

/* Begin PBXSourcesBuildPhase section */
		B9709C99276DC3EB003FDA20 /* Sources */ = {
			isa = PBXSourcesBuildPhase;
			buildActionMask = 2147483647;
			files = (
				B9709CA8276DC3EB003FDA20 /* ViewController.m in Sources */,
				B9709CA2276DC3EB003FDA20 /* AppDelegate.m in Sources */,
				B9709CB3276DC3EE003FDA20 /* main.m in Sources */,
				B9709CA5276DC3EB003FDA20 /* SceneDelegate.m in Sources */,
			);
			runOnlyForDeploymentPostprocessing = 0;
		};
/* End PBXSourcesBuildPhase section */

/* Begin PBXVariantGroup section */
		B9709CAE276DC3EE003FDA20 /* LaunchScreen.storyboard */ = {
			isa = PBXVariantGroup;
			children = (
				B9709CAF276DC3EE003FDA20 /* Base */,
			);
			name = LaunchScreen.storyboard;
			sourceTree = "<group>";
		};
/* End PBXVariantGroup section */

/* Begin XCBuildConfiguration section */
		B9709CB4276DC3EE003FDA20 /* Debug */ = {
			isa = XCBuildConfiguration;
			buildSettings = {
				ALWAYS_SEARCH_USER_PATHS = NO;
				CLANG_ANALYZER_NONNULL = YES;
				CLANG_ANALYZER_NUMBER_OBJECT_CONVERSION = YES_AGGRESSIVE;
				CLANG_CXX_LANGUAGE_STANDARD = "gnu++17";
				CLANG_CXX_LIBRARY = "libc++";
				CLANG_ENABLE_MODULES = YES;
				CLANG_ENABLE_OBJC_ARC = YES;
				CLANG_ENABLE_OBJC_WEAK = YES;
				CLANG_WARN_BLOCK_CAPTURE_AUTORELEASING = YES;
				CLANG_WARN_BOOL_CONVERSION = YES;
				CLANG_WARN_COMMA = YES;
				CLANG_WARN_CONSTANT_CONVERSION = YES;
				CLANG_WARN_DEPRECATED_OBJC_IMPLEMENTATIONS = YES;
				CLANG_WARN_DIRECT_OBJC_ISA_USAGE = YES_ERROR;
				CLANG_WARN_DOCUMENTATION_COMMENTS = YES;
				CLANG_WARN_EMPTY_BODY = YES;
				CLANG_WARN_ENUM_CONVERSION = YES;
				CLANG_WARN_INFINITE_RECURSION = YES;
				CLANG_WARN_INT_CONVERSION = YES;
				CLANG_WARN_NON_LITERAL_NULL_CONVERSION = YES;
				CLANG_WARN_OBJC_IMPLICIT_RETAIN_SELF = YES;
				CLANG_WARN_OBJC_LITERAL_CONVERSION = YES;
				CLANG_WARN_OBJC_ROOT_CLASS = YES_ERROR;
				CLANG_WARN_QUOTED_INCLUDE_IN_FRAMEWORK_HEADER = YES;
				CLANG_WARN_RANGE_LOOP_ANALYSIS = YES;
				CLANG_WARN_STRICT_PROTOTYPES = YES;
				CLANG_WARN_SUSPICIOUS_MOVE = YES;
				CLANG_WARN_UNGUARDED_AVAILABILITY = YES_AGGRESSIVE;
				CLANG_WARN_UNREACHABLE_CODE = YES;
				CLANG_WARN__DUPLICATE_METHOD_MATCH = YES;
				COPY_PHASE_STRIP = NO;
				DEBUG_INFORMATION_FORMAT = dwarf;
				ENABLE_STRICT_OBJC_MSGSEND = YES;
				ENABLE_TESTABILITY = YES;
				GCC_C_LANGUAGE_STANDARD = gnu11;
				GCC_DYNAMIC_NO_PIC = NO;
				GCC_NO_COMMON_BLOCKS = YES;
				GCC_OPTIMIZATION_LEVEL = 0;
				GCC_PREPROCESSOR_DEFINITIONS = (
					"DEBUG=1",
					"$(inherited)",
				);
				GCC_WARN_64_TO_32_BIT_CONVERSION = YES;
				GCC_WARN_ABOUT_RETURN_TYPE = YES_ERROR;
				GCC_WARN_UNDECLARED_SELECTOR = YES;
				GCC_WARN_UNINITIALIZED_AUTOS = YES_AGGRESSIVE;
				GCC_WARN_UNUSED_FUNCTION = YES;
				GCC_WARN_UNUSED_VARIABLE = YES;
				IPHONEOS_DEPLOYMENT_TARGET = 15.2;
				MTL_ENABLE_DEBUG_INFO = INCLUDE_SOURCE;
				MTL_FAST_MATH = YES;
				ONLY_ACTIVE_ARCH = YES;
				SDKROOT = iphoneos;
			};
			name = Debug;
		};
		B9709CB5276DC3EE003FDA20 /* Release */ = {
			isa = XCBuildConfiguration;
			buildSettings = {
				ALWAYS_SEARCH_USER_PATHS = NO;
				CLANG_ANALYZER_NONNULL = YES;
				CLANG_ANALYZER_NUMBER_OBJECT_CONVERSION = YES_AGGRESSIVE;
				CLANG_CXX_LANGUAGE_STANDARD = "gnu++17";
				CLANG_CXX_LIBRARY = "libc++";
				CLANG_ENABLE_MODULES = YES;
				CLANG_ENABLE_OBJC_ARC = YES;
				CLANG_ENABLE_OBJC_WEAK = YES;
				CLANG_WARN_BLOCK_CAPTURE_AUTORELEASING = YES;
				CLANG_WARN_BOOL_CONVERSION = YES;
				CLANG_WARN_COMMA = YES;
				CLANG_WARN_CONSTANT_CONVERSION = YES;
				CLANG_WARN_DEPRECATED_OBJC_IMPLEMENTATIONS = YES;
				CLANG_WARN_DIRECT_OBJC_ISA_USAGE = YES_ERROR;
				CLANG_WARN_DOCUMENTATION_COMMENTS = YES;
				CLANG_WARN_EMPTY_BODY = YES;
				CLANG_WARN_ENUM_CONVERSION = YES;
				CLANG_WARN_INFINITE_RECURSION = YES;
				CLANG_WARN_INT_CONVERSION = YES;
				CLANG_WARN_NON_LITERAL_NULL_CONVERSION = YES;
				CLANG_WARN_OBJC_IMPLICIT_RETAIN_SELF = YES;
				CLANG_WARN_OBJC_LITERAL_CONVERSION = YES;
				CLANG_WARN_OBJC_ROOT_CLASS = YES_ERROR;
				CLANG_WARN_QUOTED_INCLUDE_IN_FRAMEWORK_HEADER = YES;
				CLANG_WARN_RANGE_LOOP_ANALYSIS = YES;
				CLANG_WARN_STRICT_PROTOTYPES = YES;
				CLANG_WARN_SUSPICIOUS_MOVE = YES;
				CLANG_WARN_UNGUARDED_AVAILABILITY = YES_AGGRESSIVE;
				CLANG_WARN_UNREACHABLE_CODE = YES;
				CLANG_WARN__DUPLICATE_METHOD_MATCH = YES;
				COPY_PHASE_STRIP = NO;
				DEBUG_INFORMATION_FORMAT = "dwarf-with-dsym";
				ENABLE_NS_ASSERTIONS = NO;
				ENABLE_STRICT_OBJC_MSGSEND = YES;
				GCC_C_LANGUAGE_STANDARD = gnu11;
				GCC_NO_COMMON_BLOCKS = YES;
				GCC_WARN_64_TO_32_BIT_CONVERSION = YES;
				GCC_WARN_ABOUT_RETURN_TYPE = YES_ERROR;
				GCC_WARN_UNDECLARED_SELECTOR = YES;
				GCC_WARN_UNINITIALIZED_AUTOS = YES_AGGRESSIVE;
				GCC_WARN_UNUSED_FUNCTION = YES;
				GCC_WARN_UNUSED_VARIABLE = YES;
				IPHONEOS_DEPLOYMENT_TARGET = 15.2;
				MTL_ENABLE_DEBUG_INFO = NO;
				MTL_FAST_MATH = YES;
				SDKROOT = iphoneos;
				VALIDATE_PRODUCT = YES;
			};
			name = Release;
		};
		B9709CB7276DC3EE003FDA20 /* Debug */ = {
			isa = XCBuildConfiguration;
			buildSettings = {
				ASSETCATALOG_COMPILER_APPICON_NAME = AppIcon;
				ASSETCATALOG_COMPILER_GLOBAL_ACCENT_COLOR_NAME = AccentColor;
				CODE_SIGN_STYLE = Automatic;
				CURRENT_PROJECT_VERSION = 1;
				DEVELOPMENT_TEAM = N9987K9442;
				GENERATE_INFOPLIST_FILE = YES;
				INFOPLIST_FILE = AVDemonCamManualAdaptive/Info.plist;
				INFOPLIST_KEY_UIApplicationSupportsIndirectInputEvents = YES;
				INFOPLIST_KEY_UILaunchStoryboardName = LaunchScreen;
				INFOPLIST_KEY_UIMainStoryboardFile = "";
				INFOPLIST_KEY_UIStatusBarHidden = YES;
				INFOPLIST_KEY_UISupportedInterfaceOrientations = UIInterfaceOrientationPortrait;
				INFOPLIST_KEY_UISupportedInterfaceOrientations_iPad = "UIInterfaceOrientationPortrait UIInterfaceOrientationPortraitUpsideDown UIInterfaceOrientationLandscapeLeft UIInterfaceOrientationLandscapeRight";
				INFOPLIST_KEY_UISupportedInterfaceOrientations_iPhone = "UIInterfaceOrientationPortrait UIInterfaceOrientationLandscapeLeft UIInterfaceOrientationLandscapeRight";
				LD_RUNPATH_SEARCH_PATHS = (
					"$(inherited)",
					"@executable_path/Frameworks",
				);
				MARKETING_VERSION = 1.0;
				PRODUCT_BUNDLE_IDENTIFIER = com.blogspot.demonicactivity.bush.alan.james.AVDemonCamManualAdaptive;
				PRODUCT_NAME = "$(TARGET_NAME)";
				SWIFT_EMIT_LOC_STRINGS = YES;
				TARGETED_DEVICE_FAMILY = 1;
			};
			name = Debug;
		};
		B9709CB8276DC3EE003FDA20 /* Release */ = {
			isa = XCBuildConfiguration;
			buildSettings = {
				ASSETCATALOG_COMPILER_APPICON_NAME = AppIcon;
				ASSETCATALOG_COMPILER_GLOBAL_ACCENT_COLOR_NAME = AccentColor;
				CODE_SIGN_STYLE = Automatic;
				CURRENT_PROJECT_VERSION = 1;
				DEVELOPMENT_TEAM = N9987K9442;
				GENERATE_INFOPLIST_FILE = YES;
				INFOPLIST_FILE = AVDemonCamManualAdaptive/Info.plist;
				INFOPLIST_KEY_UIApplicationSupportsIndirectInputEvents = YES;
				INFOPLIST_KEY_UILaunchStoryboardName = LaunchScreen;
				INFOPLIST_KEY_UIMainStoryboardFile = "";
				INFOPLIST_KEY_UIStatusBarHidden = YES;
				INFOPLIST_KEY_UISupportedInterfaceOrientations = UIInterfaceOrientationPortrait;
				INFOPLIST_KEY_UISupportedInterfaceOrientations_iPad = "UIInterfaceOrientationPortrait UIInterfaceOrientationPortraitUpsideDown UIInterfaceOrientationLandscapeLeft UIInterfaceOrientationLandscapeRight";
				INFOPLIST_KEY_UISupportedInterfaceOrientations_iPhone = "UIInterfaceOrientationPortrait UIInterfaceOrientationLandscapeLeft UIInterfaceOrientationLandscapeRight";
				LD_RUNPATH_SEARCH_PATHS = (
					"$(inherited)",
					"@executable_path/Frameworks",
				);
				MARKETING_VERSION = 1.0;
				PRODUCT_BUNDLE_IDENTIFIER = com.blogspot.demonicactivity.bush.alan.james.AVDemonCamManualAdaptive;
				PRODUCT_NAME = "$(TARGET_NAME)";
				SWIFT_EMIT_LOC_STRINGS = YES;
				TARGETED_DEVICE_FAMILY = 1;
			};
			name = Release;
		};
/* End XCBuildConfiguration section */

/* Begin XCConfigurationList section */
		B9709C98276DC3EB003FDA20 /* Build configuration list for PBXProject "AVDemonCamManualAdaptive" */ = {
			isa = XCConfigurationList;
			buildConfigurations = (
				B9709CB4276DC3EE003FDA20 /* Debug */,
				B9709CB5276DC3EE003FDA20 /* Release */,
			);
			defaultConfigurationIsVisible = 0;
			defaultConfigurationName = Release;
		};
		B9709CB6276DC3EE003FDA20 /* Build configuration list for PBXNativeTarget "AVDemonCamManualAdaptive" */ = {
			isa = XCConfigurationList;
			buildConfigurations = (
				B9709CB7276DC3EE003FDA20 /* Debug */,
				B9709CB8276DC3EE003FDA20 /* Release */,
			);
			defaultConfigurationIsVisible = 0;
			defaultConfigurationName = Release;
		};
/* End XCConfigurationList section */
	};
	rootObject = B9709C95276DC3EB003FDA20 /* Project object */;
}
